
Microsoft Visual Studio Solution File, Format Version 12.00
# Visual Studio Version 17
VisualStudioVersion = 17.9.34902.65
MinimumVisualStudioVersion = 10.0.40219.1
Project("{FAE04EC0-301F-11D3-BF4B-00C04F79EFBC}") = "JSHostImportIssue", "JSHostImportIssue\JSHostImportIssue.csproj", "{4B8C12A6-3BDA-4491-9C99-8E468C53DE06}"
EndProject
Project("{FAE04EC0-301F-11D3-BF4B-00C04F79EFBC}") = "RazorClassLibrary", "RazorClassLibrary\RazorClassLibrary.csproj", "{AE4D8815-8EEE-419B-A83A-823400534AE7}"
EndProject
Global
	GlobalSection(SolutionConfigurationPlatforms) = preSolution
		Debug|Any CPU = Debug|Any CPU
		Release|Any CPU = Release|Any CPU
	EndGlobalSection
	GlobalSection(ProjectConfigurationPlatforms) = postSolution
		{4B8C12A6-3BDA-4491-9C99-8E468C53DE06}.Debug|Any CPU.ActiveCfg = Debug|Any CPU
		{4B8C12A6-3BDA-4491-9C99-8E468C53DE06}.Debug|Any CPU.Build.0 = Debug|Any CPU
		{4B8C12A6-3BDA-4491-9C99-8E468C53DE06}.Release|Any CPU.ActiveCfg = Release|Any CPU
		{4B8C12A6-3BDA-4491-9C99-8E468C53DE06}.Release|Any CPU.Build.0 = Release|Any CPU
		{AE4D8815-8EEE-419B-A83A-823400534AE7}.Debug|Any CPU.ActiveCfg = Debug|Any CPU
		{AE4D8815-8EEE-419B-A83A-823400534AE7}.Debug|Any CPU.Build.0 = Debug|Any CPU
		{AE4D8815-8EEE-419B-A83A-823400534AE7}.Release|Any CPU.ActiveCfg = Release|Any CPU
		{AE4D8815-8EEE-419B-A83A-823400534AE7}.Release|Any CPU.Build.0 = Release|Any CPU
	EndGlobalSection
	GlobalSection(SolutionProperties) = preSolution
		HideSolutionNode = FALSE
	EndGlobalSection
	GlobalSection(ExtensibilityGlobals) = postSolution
		SolutionGuid = {CFA1ACE4-66FF-4EE3-B9FA-9931A5DCA515}
	EndGlobalSection
EndGlobal
